
Microsoft Visual Studio Solution File, Format Version 12.00
# Visual Studio 2013
VisualStudioVersion = 12.0.21005.1
MinimumVisualStudioVersion = 10.0.40219.1
Project("{FAE04EC0-301F-11D3-BF4B-00C04F79EFBC}") = "SampleHello", "SampleHelloWorld\SampleHello.csproj", "{C40F10C0-B4A3-45CD-8003-4570EA66B8B6}"
EndProject
Project("{FAE04EC0-301F-11D3-BF4B-00C04F79EFBC}") = "SampleTest", "SampleTest\SampleTest.csproj", "{20A3DE03-8E5F-4364-B7E9-487AC2F8BF96}"
EndProject
Global
	GlobalSection(SolutionConfigurationPlatforms) = preSolution
		Debug|Any CPU = Debug|Any CPU
		Release|Any CPU = Release|Any CPU
	EndGlobalSection
	GlobalSection(ProjectConfigurationPlatforms) = postSolution
		{C40F10C0-B4A3-45CD-8003-4570EA66B8B6}.Debug|Any CPU.ActiveCfg = Debug|Any CPU
		{C40F10C0-B4A3-45CD-8003-4570EA66B8B6}.Debug|Any CPU.Build.0 = Debug|Any CPU
		{C40F10C0-B4A3-45CD-8003-4570EA66B8B6}.Release|Any CPU.ActiveCfg = Release|Any CPU
		{C40F10C0-B4A3-45CD-8003-4570EA66B8B6}.Release|Any CPU.Build.0 = Release|Any CPU
		{20A3DE03-8E5F-4364-B7E9-487AC2F8BF96}.Debug|Any CPU.ActiveCfg = Debug|Any CPU
		{20A3DE03-8E5F-4364-B7E9-487AC2F8BF96}.Debug|Any CPU.Build.0 = Debug|Any CPU
		{20A3DE03-8E5F-4364-B7E9-487AC2F8BF96}.Release|Any CPU.ActiveCfg = Release|Any CPU
		{20A3DE03-8E5F-4364-B7E9-487AC2F8BF96}.Release|Any CPU.Build.0 = Release|Any CPU
	EndGlobalSection
	GlobalSection(SolutionProperties) = preSolution
		HideSolutionNode = FALSE
	EndGlobalSection
EndGlobal
